// !$*UTF8*$!
{
	archiveVersion = 1;
	classes = {
	};
	objectVersion = 46;
	objects = {

/* Begin PBXBuildFile section */
		965F12231D090802006B344D /* AppDelegate.swift in Sources */ = {isa = PBXBuildFile; fileRef = 965F12221D090802006B344D /* AppDelegate.swift */; };
		965F12251D090802006B344D /* ViewController.swift in Sources */ = {isa = PBXBuildFile; fileRef = 965F12241D090802006B344D /* ViewController.swift */; };
		965F12281D090802006B344D /* Main.storyboard in Resources */ = {isa = PBXBuildFile; fileRef = 965F12261D090802006B344D /* Main.storyboard */; };
		965F122A1D090802006B344D /* Assets.xcassets in Resources */ = {isa = PBXBuildFile; fileRef = 965F12291D090802006B344D /* Assets.xcassets */; };
		965F122D1D090802006B344D /* LaunchScreen.storyboard in Resources */ = {isa = PBXBuildFile; fileRef = 965F122B1D090802006B344D /* LaunchScreen.storyboard */; };
/* End PBXBuildFile section */

/* Begin PBXFileReference section */
		965F121F1D090802006B344D /* SimpleLogin.app */ = {isa = PBXFileReference; explicitFileType = wrapper.application; includeInIndex = 0; path = SimpleLogin.app; sourceTree = BUILT_PRODUCTS_DIR; };
		965F12221D090802006B344D /* AppDelegate.swift */ = {isa = PBXFileReference; lastKnownFileType = sourcecode.swift; path = AppDelegate.swift; sourceTree = "<group>"; };
		965F12241D090802006B344D /* ViewController.swift */ = {isa = PBXFileReference; lastKnownFileType = sourcecode.swift; path = ViewController.swift; sourceTree = "<group>"; };
		965F12271D090802006B344D /* Base */ = {isa = PBXFileReference; lastKnownFileType = file.storyboard; name = Base; path = Base.lproj/Main.storyboard; sourceTree = "<group>"; };
		965F12291D090802006B344D /* Assets.xcassets */ = {isa = PBXFileReference; lastKnownFileType = folder.assetcatalog; path = Assets.xcassets; sourceTree = "<group>"; };
		965F122C1D090802006B344D /* Base */ = {isa = PBXFileReference; lastKnownFileType = file.storyboard; name = Base; path = Base.lproj/LaunchScreen.storyboard; sourceTree = "<group>"; };
		965F122E1D090802006B344D /* Info.plist */ = {isa = PBXFileReference; lastKnownFileType = text.plist.xml; path = Info.plist; sourceTree = "<group>"; };
/* End PBXFileReference section */

/* Begin PBXFrameworksBuildPhase section */
		965F121C1D090802006B344D /* Frameworks */ = {
			isa = PBXFrameworksBuildPhase;
			buildActionMask = 2147483647;
			files = (
			);
			runOnlyForDeploymentPostprocessing = 0;
		};
/* End PBXFrameworksBuildPhase section */

/* Begin PBXGroup section */
		965F12161D090802006B344D = {
			isa = PBXGroup;
			children = (
				965F12211D090802006B344D /* SimpleLogin */,
				965F12201D090802006B344D /* Products */,
			);
			sourceTree = "<group>";
		};
		965F12201D090802006B344D /* Products */ = {
			isa = PBXGroup;
			children = (
				965F121F1D090802006B344D /* SimpleLogin.app */,
			);
			name = Products;
			sourceTree = "<group>";
		};
		965F12211D090802006B344D /* SimpleLogin */ = {
			isa = PBXGroup;
			children = (
				965F12221D090802006B344D /* AppDelegate.swift */,
				965F12241D090802006B344D /* ViewController.swift */,
				965F12261D090802006B344D /* Main.storyboard */,
				965F12291D090802006B344D /* Assets.xcassets */,
				965F122B1D090802006B344D /* LaunchScreen.storyboard */,
				965F122E1D090802006B344D /* Info.plist */,
			);
			path = SimpleLogin;
			sourceTree = "<group>";
		};
/* End PBXGroup section */

/* Begin PBXNativeTarget section */
		965F121E1D090802006B344D /* SimpleLogin */ = {
			isa = PBXNativeTarget;
			buildConfigurationList = 965F12311D090802006B344D /* Build configuration list for PBXNativeTarget "SimpleLogin" */;
			buildPhases = (
				965F121B1D090802006B344D /* Sources */,
				965F121C1D090802006B344D /* Frameworks */,
				965F121D1D090802006B344D /* Resources */,
			);
			buildRules = (
			);
			dependencies = (
			);
			name = SimpleLogin;
			productName = SimpleLogin;
			productReference = 965F121F1D090802006B344D /* SimpleLogin.app */;
			productType = "com.apple.product-type.application";
		};
/* End PBXNativeTarget section */

/* Begin PBXProject section */
		965F12171D090802006B344D /* Project object */ = {
			isa = PBXProject;
			attributes = {
				LastSwiftUpdateCheck = 0730;
				LastUpgradeCheck = 0730;
				ORGANIZATIONNAME = SH;
				TargetAttributes = {
					965F121E1D090802006B344D = {
						CreatedOnToolsVersion = 7.3.1;
					};
				};
			};
			buildConfigurationList = 965F121A1D090802006B344D /* Build configuration list for PBXProject "SimpleLogin" */;
			compatibilityVersion = "Xcode 3.2";
			developmentRegion = English;
			hasScannedForEncodings = 0;
			knownRegions = (
				en,
				Base,
			);
			mainGroup = 965F12161D090802006B344D;
			productRefGroup = 965F12201D090802006B344D /* Products */;
			projectDirPath = "";
			projectRoot = "";
			targets = (
				965F121E1D090802006B344D /* SimpleLogin */,
			);
		};
/* End PBXProject section */

/* Begin PBXResourcesBuildPhase section */
		965F121D1D090802006B344D /* Resources */ = {
			isa = PBXResourcesBuildPhase;
			buildActionMask = 2147483647;
			files = (
				965F122D1D090802006B344D /* LaunchScreen.storyboard in Resources */,
				965F122A1D090802006B344D /* Assets.xcassets in Resources */,
				965F12281D090802006B344D /* Main.storyboard in Resources */,
			);
			runOnlyForDeploymentPostprocessing = 0;
		};
/* End PBXResourcesBuildPhase section */

/* Begin PBXSourcesBuildPhase section */
		965F121B1D090802006B344D /* Sources */ = {
			isa = PBXSourcesBuildPhase;
			buildActionMask = 2147483647;
			files = (
				965F12251D090802006B344D /* ViewController.swift in Sources */,
				965F12231D090802006B344D /* AppDelegate.swift in Sources */,
			);
			runOnlyForDeploymentPostprocessing = 0;
		};
/* End PBXSourcesBuildPhase section */

/* Begin PBXVariantGroup section */
		965F12261D090802006B344D /* Main.storyboard */ = {
			isa = PBXVariantGroup;
			children = (
				965F12271D090802006B344D /* Base */,
			);
			name = Main.storyboard;
			sourceTree = "<group>";
		};
		965F122B1D090802006B344D /* LaunchScreen.storyboard */ = {
			isa = PBXVariantGroup;
			children = (
				965F122C1D090802006B344D /* Base */,
			);
			name = LaunchScreen.storyboard;
			sourceTree = "<group>";
		};
/* End PBXVariantGroup section */

/* Begin XCBuildConfiguration section */
		965F122F1D090802006B344D /* Debug */ = {
			isa = XCBuildConfiguration;
			buildSettings = {
				ALWAYS_SEARCH_USER_PATHS = NO;
				CLANG_ANALYZER_NONNULL = YES;
				CLANG_CXX_LANGUAGE_STANDARD = "gnu++0x";
				CLANG_CXX_LIBRARY = "libc++";
				CLANG_ENABLE_MODULES = YES;
				CLANG_ENABLE_OBJC_ARC = YES;
				CLANG_WARN_BOOL_CONVERSION = YES;
				CLANG_WARN_CONSTANT_CONVERSION = YES;
				CLANG_WARN_DIRECT_OBJC_ISA_USAGE = YES_ERROR;
				CLANG_WARN_EMPTY_BODY = YES;
				CLANG_WARN_ENUM_CONVERSION = YES;
				CLANG_WARN_INT_CONVERSION = YES;
				CLANG_WARN_OBJC_ROOT_CLASS = YES_ERROR;
				CLANG_WARN_UNREACHABLE_CODE = YES;
				CLANG_WARN__DUPLICATE_METHOD_MATCH = YES;
				"CODE_SIGN_IDENTITY[sdk=iphoneos*]" = "iPhone Developer";
				COPY_PHASE_STRIP = NO;
				DEBUG_INFORMATION_FORMAT = dwarf;
				ENABLE_STRICT_OBJC_MSGSEND = YES;
				ENABLE_TESTABILITY = YES;
				GCC_C_LANGUAGE_STANDARD = gnu99;
				GCC_DYNAMIC_NO_PIC = NO;
				GCC_NO_COMMON_BLOCKS = YES;
				GCC_OPTIMIZATION_LEVEL = 0;
				GCC_PREPROCESSOR_DEFINITIONS = (
					"DEBUG=1",
					"$(inherited)",
				);
				GCC_WARN_64_TO_32_BIT_CONVERSION = YES;
				GCC_WARN_ABOUT_RETURN_TYPE = YES_ERROR;
				GCC_WARN_UNDECLARED_SELECTOR = YES;
				GCC_WARN_UNINITIALIZED_AUTOS = YES_AGGRESSIVE;
				GCC_WARN_UNUSED_FUNCTION = YES;
				GCC_WARN_UNUSED_VARIABLE = YES;
				IPHONEOS_DEPLOYMENT_TARGET = 9.3;
				MTL_ENABLE_DEBUG_INFO = YES;
				ONLY_ACTIVE_ARCH = YES;
				SDKROOT = iphoneos;
				SWIFT_OPTIMIZATION_LEVEL = "-Onone";
			};
			name = Debug;
		};
		965F12301D090802006B344D /* Release */ = {
			isa = XCBuildConfiguration;
			buildSettings = {
				ALWAYS_SEARCH_USER_PATHS = NO;
				CLANG_ANALYZER_NONNULL = YES;
				CLANG_CXX_LANGUAGE_STANDARD = "gnu++0x";
				CLANG_CXX_LIBRARY = "libc++";
				CLANG_ENABLE_MODULES = YES;
				CLANG_ENABLE_OBJC_ARC = YES;
				CLANG_WARN_BOOL_CONVERSION = YES;
				CLANG_WARN_CONSTANT_CONVERSION = YES;
				CLANG_WARN_DIRECT_OBJC_ISA_USAGE = YES_ERROR;
				CLANG_WARN_EMPTY_BODY = YES;
				CLANG_WARN_ENUM_CONVERSION = YES;
				CLANG_WARN_INT_CONVERSION = YES;
				CLANG_WARN_OBJC_ROOT_CLASS = YES_ERROR;
				CLANG_WARN_UNREACHABLE_CODE = YES;
				CLANG_WARN__DUPLICATE_METHOD_MATCH = YES;
				"CODE_SIGN_IDENTITY[sdk=iphoneos*]" = "iPhone Developer";
				COPY_PHASE_STRIP = NO;
				DEBUG_INFORMATION_FORMAT = "dwarf-with-dsym";
				ENABLE_NS_ASSERTIONS = NO;
				ENABLE_STRICT_OBJC_MSGSEND = YES;
				GCC_C_LANGUAGE_STANDARD = gnu99;
				GCC_NO_COMMON_BLOCKS = YES;
				GCC_WARN_64_TO_32_BIT_CONVERSION = YES;
				GCC_WARN_ABOUT_RETURN_TYPE = YES_ERROR;
				GCC_WARN_UNDECLARED_SELECTOR = YES;
				GCC_WARN_UNINITIALIZED_AUTOS = YES_AGGRESSIVE;
				GCC_WARN_UNUSED_FUNCTION = YES;
				GCC_WARN_UNUSED_VARIABLE = YES;
				IPHONEOS_DEPLOYMENT_TARGET = 9.3;
				MTL_ENABLE_DEBUG_INFO = NO;
				SDKROOT = iphoneos;
				VALIDATE_PRODUCT = YES;
			};
			name = Release;
		};
		965F12321D090802006B344D /* Debug */ = {
			isa = XCBuildConfiguration;
			buildSettings = {
				ASSETCATALOG_COMPILER_APPICON_NAME = AppIcon;
				INFOPLIST_FILE = SimpleLogin/Info.plist;
				LD_RUNPATH_SEARCH_PATHS = "$(inherited) @executable_path/Frameworks";
				PRODUCT_BUNDLE_IDENTIFIER = SH.SimpleLogin;
				PRODUCT_NAME = "$(TARGET_NAME)";
			};
			name = Debug;
		};
		965F12331D090802006B344D /* Release */ = {
			isa = XCBuildConfiguration;
			buildSettings = {
				ASSETCATALOG_COMPILER_APPICON_NAME = AppIcon;
				INFOPLIST_FILE = SimpleLogin/Info.plist;
				LD_RUNPATH_SEARCH_PATHS = "$(inherited) @executable_path/Frameworks";
				PRODUCT_BUNDLE_IDENTIFIER = SH.SimpleLogin;
				PRODUCT_NAME = "$(TARGET_NAME)";
			};
			name = Release;
		};
/* End XCBuildConfiguration section */

/* Begin XCConfigurationList section */
		965F121A1D090802006B344D /* Build configuration list for PBXProject "SimpleLogin" */ = {
			isa = XCConfigurationList;
			buildConfigurations = (
				965F122F1D090802006B344D /* Debug */,
				965F12301D090802006B344D /* Release */,
			);
			defaultConfigurationIsVisible = 0;
			defaultConfigurationName = Release;
		};
		965F12311D090802006B344D /* Build configuration list for PBXNativeTarget "SimpleLogin" */ = {
			isa = XCConfigurationList;
			buildConfigurations = (
				965F12321D090802006B344D /* Debug */,
				965F12331D090802006B344D /* Release */,
			);
			defaultConfigurationIsVisible = 0;
		};
/* End XCConfigurationList section */
	};
	rootObject = 965F12171D090802006B344D /* Project object */;
}
